
Microsoft Visual Studio Solution File, Format Version 12.00
# Visual Studio 15
VisualStudioVersion = 15.0.27428.2005
MinimumVisualStudioVersion = 10.0.40219.1
Project("{8BC9CEB8-8B4A-11D0-8D11-00A0C91BC942}") = "레세 팀프로젝트", "레세 팀프로젝트\레세 팀프로젝트.vcxproj", "{BCCC5837-E929-4A92-9F0B-57034BA6E852}"
EndProject
Global
	GlobalSection(SolutionConfigurationPlatforms) = preSolution
		Debug|x64 = Debug|x64
		Debug|x86 = Debug|x86
		Release|x64 = Release|x64
		Release|x86 = Release|x86
	EndGlobalSection
	GlobalSection(ProjectConfigurationPlatforms) = postSolution
		{BCCC5837-E929-4A92-9F0B-57034BA6E852}.Debug|x64.ActiveCfg = Debug|x64
		{BCCC5837-E929-4A92-9F0B-57034BA6E852}.Debug|x64.Build.0 = Debug|x64
		{BCCC5837-E929-4A92-9F0B-57034BA6E852}.Debug|x86.ActiveCfg = Debug|Win32
		{BCCC5837-E929-4A92-9F0B-57034BA6E852}.Debug|x86.Build.0 = Debug|Win32
		{BCCC5837-E929-4A92-9F0B-57034BA6E852}.Release|x64.ActiveCfg = Release|x64
		{BCCC5837-E929-4A92-9F0B-57034BA6E852}.Release|x64.Build.0 = Release|x64
		{BCCC5837-E929-4A92-9F0B-57034BA6E852}.Release|x86.ActiveCfg = Release|Win32
		{BCCC5837-E929-4A92-9F0B-57034BA6E852}.Release|x86.Build.0 = Release|Win32
	EndGlobalSection
	GlobalSection(SolutionProperties) = preSolution
		HideSolutionNode = FALSE
	EndGlobalSection
	GlobalSection(ExtensibilityGlobals) = postSolution
		SolutionGuid = {BE7CC4E8-5D0E-459D-85E0-7070FEA9FD52}
	EndGlobalSection
EndGlobal
